
Microsoft Visual Studio Solution File, Format Version 12.00
# Visual Studio Version 16
VisualStudioVersion = 16.0.30523.141
MinimumVisualStudioVersion = 10.0.40219.1
Project("{FAE04EC0-301F-11D3-BF4B-00C04F79EFBC}") = "podden", "podden\podden.csproj", "{D340E2D9-E6DB-4663-B5CB-2D517F3A025F}"
EndProject
Global
	GlobalSection(SolutionConfigurationPlatforms) = preSolution
		Debug|Any CPU = Debug|Any CPU
		Release|Any CPU = Release|Any CPU
	EndGlobalSection
	GlobalSection(ProjectConfigurationPlatforms) = postSolution
		{D340E2D9-E6DB-4663-B5CB-2D517F3A025F}.Debug|Any CPU.ActiveCfg = Debug|Any CPU
		{D340E2D9-E6DB-4663-B5CB-2D517F3A025F}.Debug|Any CPU.Build.0 = Debug|Any CPU
		{D340E2D9-E6DB-4663-B5CB-2D517F3A025F}.Release|Any CPU.ActiveCfg = Release|Any CPU
		{D340E2D9-E6DB-4663-B5CB-2D517F3A025F}.Release|Any CPU.Build.0 = Release|Any CPU
	EndGlobalSection
	GlobalSection(SolutionProperties) = preSolution
		HideSolutionNode = FALSE
	EndGlobalSection
	GlobalSection(ExtensibilityGlobals) = postSolution
		SolutionGuid = {24FA1E64-516D-4362-943F-743DC5201757}
	EndGlobalSection
EndGlobal
